
Microsoft Visual Studio Solution File, Format Version 12.00
# Visual Studio Version 17
VisualStudioVersion = 17.10.35122.118
MinimumVisualStudioVersion = 10.0.40219.1
Project("{FAE04EC0-301F-11D3-BF4B-00C04F79EFBC}") = "EventPlannerCR-backend", "EventPlannerCR-backend\EventPlannerCR-backend.csproj", "{E9655575-6E10-4690-A1B6-9828F0959B60}"
EndProject
Project("{FAE04EC0-301F-11D3-BF4B-00C04F79EFBC}") = "EventPlannerCR-AccesoDatos", "EventPlannerCR-AccesoDatos\EventPlannerCR-AccesoDatos.csproj", "{56E22EBB-1E7A-4D46-B7EB-5ACC2DE88009}"
EndProject
Project("{FAE04EC0-301F-11D3-BF4B-00C04F79EFBC}") = "EventPlannerCR-API", "API\EventPlannerCR-API.csproj", "{4C131B1E-8EC0-4393-BE65-9038622088DE}"
EndProject
Global
	GlobalSection(SolutionConfigurationPlatforms) = preSolution
		Debug|Any CPU = Debug|Any CPU
		Release|Any CPU = Release|Any CPU
	EndGlobalSection
	GlobalSection(ProjectConfigurationPlatforms) = postSolution
		{E9655575-6E10-4690-A1B6-9828F0959B60}.Debug|Any CPU.ActiveCfg = Debug|Any CPU
		{E9655575-6E10-4690-A1B6-9828F0959B60}.Debug|Any CPU.Build.0 = Debug|Any CPU
		{E9655575-6E10-4690-A1B6-9828F0959B60}.Release|Any CPU.ActiveCfg = Release|Any CPU
		{E9655575-6E10-4690-A1B6-9828F0959B60}.Release|Any CPU.Build.0 = Release|Any CPU
		{56E22EBB-1E7A-4D46-B7EB-5ACC2DE88009}.Debug|Any CPU.ActiveCfg = Debug|Any CPU
		{56E22EBB-1E7A-4D46-B7EB-5ACC2DE88009}.Debug|Any CPU.Build.0 = Debug|Any CPU
		{56E22EBB-1E7A-4D46-B7EB-5ACC2DE88009}.Release|Any CPU.ActiveCfg = Release|Any CPU
		{56E22EBB-1E7A-4D46-B7EB-5ACC2DE88009}.Release|Any CPU.Build.0 = Release|Any CPU
		{4C131B1E-8EC0-4393-BE65-9038622088DE}.Debug|Any CPU.ActiveCfg = Debug|Any CPU
		{4C131B1E-8EC0-4393-BE65-9038622088DE}.Debug|Any CPU.Build.0 = Debug|Any CPU
		{4C131B1E-8EC0-4393-BE65-9038622088DE}.Release|Any CPU.ActiveCfg = Release|Any CPU
		{4C131B1E-8EC0-4393-BE65-9038622088DE}.Release|Any CPU.Build.0 = Release|Any CPU
	EndGlobalSection
	GlobalSection(SolutionProperties) = preSolution
		HideSolutionNode = FALSE
	EndGlobalSection
	GlobalSection(ExtensibilityGlobals) = postSolution
		SolutionGuid = {B8DA1A01-E00F-45BF-8A4F-67EDF3EDBC39}
	EndGlobalSection
EndGlobal
